// !$*UTF8*$!
{
	archiveVersion = 1;
	classes = {
	};
	objectVersion = 46;
	objects = {

/* Begin PBXBuildFile section */
		340EE49F1E8366EA00C64BF7 /* MapKit.framework in Frameworks */ = {isa = PBXBuildFile; fileRef = 340EE49E1E8366EA00C64BF7 /* MapKit.framework */; };
		344A8EC31E88D31F00683DDC /* Localizable.strings in Resources */ = {isa = PBXBuildFile; fileRef = 344A8EC51E88D31F00683DDC /* Localizable.strings */; };
		3458E8E11E82212300D123EC /* ConversionViewController.swift in Sources */ = {isa = PBXBuildFile; fileRef = 3458E8E01E82212300D123EC /* ConversionViewController.swift */; };
		346BC8731E80B45D0049EAC7 /* AppDelegate.swift in Sources */ = {isa = PBXBuildFile; fileRef = 346BC8721E80B45D0049EAC7 /* AppDelegate.swift */; };
		346BC8781E80B45D0049EAC7 /* Main.storyboard in Resources */ = {isa = PBXBuildFile; fileRef = 346BC8761E80B45D0049EAC7 /* Main.storyboard */; };
		346BC87A1E80B45D0049EAC7 /* Assets.xcassets in Resources */ = {isa = PBXBuildFile; fileRef = 346BC8791E80B45D0049EAC7 /* Assets.xcassets */; };
		346BC87D1E80B45D0049EAC7 /* LaunchScreen.storyboard in Resources */ = {isa = PBXBuildFile; fileRef = 346BC87B1E80B45D0049EAC7 /* LaunchScreen.storyboard */; };
		346BC8881E80B45D0049EAC7 /* WorldTrotterTests.swift in Sources */ = {isa = PBXBuildFile; fileRef = 346BC8871E80B45D0049EAC7 /* WorldTrotterTests.swift */; };
		346BC8931E80B45D0049EAC7 /* WorldTrotterUITests.swift in Sources */ = {isa = PBXBuildFile; fileRef = 346BC8921E80B45D0049EAC7 /* WorldTrotterUITests.swift */; };
		348856DC1E839DA500F147C7 /* MapViewController.swift in Sources */ = {isa = PBXBuildFile; fileRef = 348856DB1E839DA500F147C7 /* MapViewController.swift */; };
/* End PBXBuildFile section */

/* Begin PBXContainerItemProxy section */
		346BC8841E80B45D0049EAC7 /* PBXContainerItemProxy */ = {
			isa = PBXContainerItemProxy;
			containerPortal = 346BC8671E80B45C0049EAC7 /* Project object */;
			proxyType = 1;
			remoteGlobalIDString = 346BC86E1E80B45C0049EAC7;
			remoteInfo = WorldTrotter;
		};
		346BC88F1E80B45D0049EAC7 /* PBXContainerItemProxy */ = {
			isa = PBXContainerItemProxy;
			containerPortal = 346BC8671E80B45C0049EAC7 /* Project object */;
			proxyType = 1;
			remoteGlobalIDString = 346BC86E1E80B45C0049EAC7;
			remoteInfo = WorldTrotter;
		};
/* End PBXContainerItemProxy section */

/* Begin PBXFileReference section */
		340EE49E1E8366EA00C64BF7 /* MapKit.framework */ = {isa = PBXFileReference; lastKnownFileType = wrapper.framework; name = MapKit.framework; path = System/Library/Frameworks/MapKit.framework; sourceTree = SDKROOT; };
		342D40F01E88CD0000B22506 /* en */ = {isa = PBXFileReference; lastKnownFileType = text.plist.strings; name = en; path = en.lproj/Main.strings; sourceTree = "<group>"; };
		342D40F11E88CF3A00B22506 /* es */ = {isa = PBXFileReference; lastKnownFileType = text.plist.strings; name = es; path = es.lproj/Main.strings; sourceTree = "<group>"; };
		344657721E88DDB200ED7347 /* zh-Hans */ = {isa = PBXFileReference; lastKnownFileType = text.plist.strings; name = "zh-Hans"; path = "zh-Hans.lproj/Main.strings"; sourceTree = "<group>"; };
		344657731E88DDB200ED7347 /* zh-Hans */ = {isa = PBXFileReference; lastKnownFileType = text.plist.strings; name = "zh-Hans"; path = "zh-Hans.lproj/Localizable.strings"; sourceTree = "<group>"; };
		344A8EC41E88D31F00683DDC /* Base */ = {isa = PBXFileReference; lastKnownFileType = text.plist.strings; name = Base; path = Base.lproj/Localizable.strings; sourceTree = "<group>"; };
		344A8EC61E88D35A00683DDC /* en */ = {isa = PBXFileReference; lastKnownFileType = text.plist.strings; name = en; path = en.lproj/Localizable.strings; sourceTree = "<group>"; };
		344A8EC71E88D35B00683DDC /* es */ = {isa = PBXFileReference; lastKnownFileType = text.plist.strings; name = es; path = es.lproj/Localizable.strings; sourceTree = "<group>"; };
		344A8EC81E88D45200683DDC /* zh-Hant */ = {isa = PBXFileReference; lastKnownFileType = text.plist.strings; name = "zh-Hant"; path = "zh-Hant.lproj/Main.strings"; sourceTree = "<group>"; };
		344A8EC91E88DA6E00683DDC /* zh-Hant */ = {isa = PBXFileReference; lastKnownFileType = text.plist.strings; name = "zh-Hant"; path = "zh-Hant.lproj/Localizable.strings"; sourceTree = "<group>"; };
		3458E8E01E82212300D123EC /* ConversionViewController.swift */ = {isa = PBXFileReference; fileEncoding = 4; lastKnownFileType = sourcecode.swift; path = ConversionViewController.swift; sourceTree = "<group>"; };
		346BC86F1E80B45D0049EAC7 /* WorldTrotter.app */ = {isa = PBXFileReference; explicitFileType = wrapper.application; includeInIndex = 0; path = WorldTrotter.app; sourceTree = BUILT_PRODUCTS_DIR; };
		346BC8721E80B45D0049EAC7 /* AppDelegate.swift */ = {isa = PBXFileReference; lastKnownFileType = sourcecode.swift; path = AppDelegate.swift; sourceTree = "<group>"; };
		346BC8771E80B45D0049EAC7 /* Base */ = {isa = PBXFileReference; lastKnownFileType = file.storyboard; name = Base; path = Base.lproj/Main.storyboard; sourceTree = "<group>"; };
		346BC8791E80B45D0049EAC7 /* Assets.xcassets */ = {isa = PBXFileReference; lastKnownFileType = folder.assetcatalog; path = Assets.xcassets; sourceTree = "<group>"; };
		346BC87C1E80B45D0049EAC7 /* Base */ = {isa = PBXFileReference; lastKnownFileType = file.storyboard; name = Base; path = Base.lproj/LaunchScreen.storyboard; sourceTree = "<group>"; };
		346BC87E1E80B45D0049EAC7 /* Info.plist */ = {isa = PBXFileReference; lastKnownFileType = text.plist.xml; path = Info.plist; sourceTree = "<group>"; };
		346BC8831E80B45D0049EAC7 /* WorldTrotterTests.xctest */ = {isa = PBXFileReference; explicitFileType = wrapper.cfbundle; includeInIndex = 0; path = WorldTrotterTests.xctest; sourceTree = BUILT_PRODUCTS_DIR; };
		346BC8871E80B45D0049EAC7 /* WorldTrotterTests.swift */ = {isa = PBXFileReference; lastKnownFileType = sourcecode.swift; path = WorldTrotterTests.swift; sourceTree = "<group>"; };
		346BC8891E80B45D0049EAC7 /* Info.plist */ = {isa = PBXFileReference; lastKnownFileType = text.plist.xml; path = Info.plist; sourceTree = "<group>"; };
		346BC88E1E80B45D0049EAC7 /* WorldTrotterUITests.xctest */ = {isa = PBXFileReference; explicitFileType = wrapper.cfbundle; includeInIndex = 0; path = WorldTrotterUITests.xctest; sourceTree = BUILT_PRODUCTS_DIR; };
		346BC8921E80B45D0049EAC7 /* WorldTrotterUITests.swift */ = {isa = PBXFileReference; lastKnownFileType = sourcecode.swift; path = WorldTrotterUITests.swift; sourceTree = "<group>"; };
		346BC8941E80B45D0049EAC7 /* Info.plist */ = {isa = PBXFileReference; lastKnownFileType = text.plist.xml; path = Info.plist; sourceTree = "<group>"; };
		348856DB1E839DA500F147C7 /* MapViewController.swift */ = {isa = PBXFileReference; fileEncoding = 4; lastKnownFileType = sourcecode.swift; path = MapViewController.swift; sourceTree = "<group>"; };
/* End PBXFileReference section */

/* Begin PBXFrameworksBuildPhase section */
		346BC86C1E80B45C0049EAC7 /* Frameworks */ = {
			isa = PBXFrameworksBuildPhase;
			buildActionMask = 2147483647;
			files = (
				340EE49F1E8366EA00C64BF7 /* MapKit.framework in Frameworks */,
			);
			runOnlyForDeploymentPostprocessing = 0;
		};
		346BC8801E80B45D0049EAC7 /* Frameworks */ = {
			isa = PBXFrameworksBuildPhase;
			buildActionMask = 2147483647;
			files = (
			);
			runOnlyForDeploymentPostprocessing = 0;
		};
		346BC88B1E80B45D0049EAC7 /* Frameworks */ = {
			isa = PBXFrameworksBuildPhase;
			buildActionMask = 2147483647;
			files = (
			);
			runOnlyForDeploymentPostprocessing = 0;
		};
/* End PBXFrameworksBuildPhase section */

/* Begin PBXGroup section */
		340EE49D1E8366EA00C64BF7 /* Frameworks */ = {
			isa = PBXGroup;
			children = (
				340EE49E1E8366EA00C64BF7 /* MapKit.framework */,
			);
			name = Frameworks;
			sourceTree = "<group>";
		};
		346BC8661E80B45C0049EAC7 = {
			isa = PBXGroup;
			children = (
				346BC8711E80B45D0049EAC7 /* WorldTrotter */,
				346BC8861E80B45D0049EAC7 /* WorldTrotterTests */,
				346BC8911E80B45D0049EAC7 /* WorldTrotterUITests */,
				346BC8701E80B45D0049EAC7 /* Products */,
				340EE49D1E8366EA00C64BF7 /* Frameworks */,
			);
			sourceTree = "<group>";
		};
		346BC8701E80B45D0049EAC7 /* Products */ = {
			isa = PBXGroup;
			children = (
				346BC86F1E80B45D0049EAC7 /* WorldTrotter.app */,
				346BC8831E80B45D0049EAC7 /* WorldTrotterTests.xctest */,
				346BC88E1E80B45D0049EAC7 /* WorldTrotterUITests.xctest */,
			);
			name = Products;
			sourceTree = "<group>";
		};
		346BC8711E80B45D0049EAC7 /* WorldTrotter */ = {
			isa = PBXGroup;
			children = (
				344A8EC51E88D31F00683DDC /* Localizable.strings */,
				346BC8721E80B45D0049EAC7 /* AppDelegate.swift */,
				346BC8761E80B45D0049EAC7 /* Main.storyboard */,
				346BC8791E80B45D0049EAC7 /* Assets.xcassets */,
				346BC87B1E80B45D0049EAC7 /* LaunchScreen.storyboard */,
				346BC87E1E80B45D0049EAC7 /* Info.plist */,
				3458E8E01E82212300D123EC /* ConversionViewController.swift */,
				348856DB1E839DA500F147C7 /* MapViewController.swift */,
			);
			path = WorldTrotter;
			sourceTree = "<group>";
		};
		346BC8861E80B45D0049EAC7 /* WorldTrotterTests */ = {
			isa = PBXGroup;
			children = (
				346BC8871E80B45D0049EAC7 /* WorldTrotterTests.swift */,
				346BC8891E80B45D0049EAC7 /* Info.plist */,
			);
			path = WorldTrotterTests;
			sourceTree = "<group>";
		};
		346BC8911E80B45D0049EAC7 /* WorldTrotterUITests */ = {
			isa = PBXGroup;
			children = (
				346BC8921E80B45D0049EAC7 /* WorldTrotterUITests.swift */,
				346BC8941E80B45D0049EAC7 /* Info.plist */,
			);
			path = WorldTrotterUITests;
			sourceTree = "<group>";
		};
/* End PBXGroup section */

/* Begin PBXNativeTarget section */
		346BC86E1E80B45C0049EAC7 /* WorldTrotter */ = {
			isa = PBXNativeTarget;
			buildConfigurationList = 346BC8971E80B45D0049EAC7 /* Build configuration list for PBXNativeTarget "WorldTrotter" */;
			buildPhases = (
				346BC86B1E80B45C0049EAC7 /* Sources */,
				346BC86C1E80B45C0049EAC7 /* Frameworks */,
				346BC86D1E80B45C0049EAC7 /* Resources */,
			);
			buildRules = (
			);
			dependencies = (
			);
			name = WorldTrotter;
			productName = WorldTrotter;
			productReference = 346BC86F1E80B45D0049EAC7 /* WorldTrotter.app */;
			productType = "com.apple.product-type.application";
		};
		346BC8821E80B45D0049EAC7 /* WorldTrotterTests */ = {
			isa = PBXNativeTarget;
			buildConfigurationList = 346BC89A1E80B45D0049EAC7 /* Build configuration list for PBXNativeTarget "WorldTrotterTests" */;
			buildPhases = (
				346BC87F1E80B45D0049EAC7 /* Sources */,
				346BC8801E80B45D0049EAC7 /* Frameworks */,
				346BC8811E80B45D0049EAC7 /* Resources */,
			);
			buildRules = (
			);
			dependencies = (
				346BC8851E80B45D0049EAC7 /* PBXTargetDependency */,
			);
			name = WorldTrotterTests;
			productName = WorldTrotterTests;
			productReference = 346BC8831E80B45D0049EAC7 /* WorldTrotterTests.xctest */;
			productType = "com.apple.product-type.bundle.unit-test";
		};
		346BC88D1E80B45D0049EAC7 /* WorldTrotterUITests */ = {
			isa = PBXNativeTarget;
			buildConfigurationList = 346BC89D1E80B45D0049EAC7 /* Build configuration list for PBXNativeTarget "WorldTrotterUITests" */;
			buildPhases = (
				346BC88A1E80B45D0049EAC7 /* Sources */,
				346BC88B1E80B45D0049EAC7 /* Frameworks */,
				346BC88C1E80B45D0049EAC7 /* Resources */,
			);
			buildRules = (
			);
			dependencies = (
				346BC8901E80B45D0049EAC7 /* PBXTargetDependency */,
			);
			name = WorldTrotterUITests;
			productName = WorldTrotterUITests;
			productReference = 346BC88E1E80B45D0049EAC7 /* WorldTrotterUITests.xctest */;
			productType = "com.apple.product-type.bundle.ui-testing";
		};
/* End PBXNativeTarget section */

/* Begin PBXProject section */
		346BC8671E80B45C0049EAC7 /* Project object */ = {
			isa = PBXProject;
			attributes = {
				LastSwiftUpdateCheck = 0820;
				LastUpgradeCheck = 0820;
				ORGANIZATIONNAME = Sigutian;
				TargetAttributes = {
					346BC86E1E80B45C0049EAC7 = {
						CreatedOnToolsVersion = 8.2.1;
						ProvisioningStyle = Automatic;
					};
					346BC8821E80B45D0049EAC7 = {
						CreatedOnToolsVersion = 8.2.1;
						ProvisioningStyle = Automatic;
						TestTargetID = 346BC86E1E80B45C0049EAC7;
					};
					346BC88D1E80B45D0049EAC7 = {
						CreatedOnToolsVersion = 8.2.1;
						ProvisioningStyle = Automatic;
						TestTargetID = 346BC86E1E80B45C0049EAC7;
					};
				};
			};
			buildConfigurationList = 346BC86A1E80B45C0049EAC7 /* Build configuration list for PBXProject "WorldTrotter" */;
			compatibilityVersion = "Xcode 3.2";
			developmentRegion = English;
			hasScannedForEncodings = 0;
			knownRegions = (
				en,
				Base,
				es,
				"zh-Hant",
				"zh-Hans",
			);
			mainGroup = 346BC8661E80B45C0049EAC7;
			productRefGroup = 346BC8701E80B45D0049EAC7 /* Products */;
			projectDirPath = "";
			projectRoot = "";
			targets = (
				346BC86E1E80B45C0049EAC7 /* WorldTrotter */,
				346BC8821E80B45D0049EAC7 /* WorldTrotterTests */,
				346BC88D1E80B45D0049EAC7 /* WorldTrotterUITests */,
			);
		};
/* End PBXProject section */

/* Begin PBXResourcesBuildPhase section */
		346BC86D1E80B45C0049EAC7 /* Resources */ = {
			isa = PBXResourcesBuildPhase;
			buildActionMask = 2147483647;
			files = (
				346BC87D1E80B45D0049EAC7 /* LaunchScreen.storyboard in Resources */,
				344A8EC31E88D31F00683DDC /* Localizable.strings in Resources */,
				346BC87A1E80B45D0049EAC7 /* Assets.xcassets in Resources */,
				346BC8781E80B45D0049EAC7 /* Main.storyboard in Resources */,
			);
			runOnlyForDeploymentPostprocessing = 0;
		};
		346BC8811E80B45D0049EAC7 /* Resources */ = {
			isa = PBXResourcesBuildPhase;
			buildActionMask = 2147483647;
			files = (
			);
			runOnlyForDeploymentPostprocessing = 0;
		};
		346BC88C1E80B45D0049EAC7 /* Resources */ = {
			isa = PBXResourcesBuildPhase;
			buildActionMask = 2147483647;
			files = (
			);
			runOnlyForDeploymentPostprocessing = 0;
		};
/* End PBXResourcesBuildPhase section */

/* Begin PBXSourcesBuildPhase section */
		346BC86B1E80B45C0049EAC7 /* Sources */ = {
			isa = PBXSourcesBuildPhase;
			buildActionMask = 2147483647;
			files = (
				3458E8E11E82212300D123EC /* ConversionViewController.swift in Sources */,
				348856DC1E839DA500F147C7 /* MapViewController.swift in Sources */,
				346BC8731E80B45D0049EAC7 /* AppDelegate.swift in Sources */,
			);
			runOnlyForDeploymentPostprocessing = 0;
		};
		346BC87F1E80B45D0049EAC7 /* Sources */ = {
			isa = PBXSourcesBuildPhase;
			buildActionMask = 2147483647;
			files = (
				346BC8881E80B45D0049EAC7 /* WorldTrotterTests.swift in Sources */,
			);
			runOnlyForDeploymentPostprocessing = 0;
		};
		346BC88A1E80B45D0049EAC7 /* Sources */ = {
			isa = PBXSourcesBuildPhase;
			buildActionMask = 2147483647;
			files = (
				346BC8931E80B45D0049EAC7 /* WorldTrotterUITests.swift in Sources */,
			);
			runOnlyForDeploymentPostprocessing = 0;
		};
/* End PBXSourcesBuildPhase section */

/* Begin PBXTargetDependency section */
		346BC8851E80B45D0049EAC7 /* PBXTargetDependency */ = {
			isa = PBXTargetDependency;
			target = 346BC86E1E80B45C0049EAC7 /* WorldTrotter */;
			targetProxy = 346BC8841E80B45D0049EAC7 /* PBXContainerItemProxy */;
		};
		346BC8901E80B45D0049EAC7 /* PBXTargetDependency */ = {
			isa = PBXTargetDependency;
			target = 346BC86E1E80B45C0049EAC7 /* WorldTrotter */;
			targetProxy = 346BC88F1E80B45D0049EAC7 /* PBXContainerItemProxy */;
		};
/* End PBXTargetDependency section */

/* Begin PBXVariantGroup section */
		344A8EC51E88D31F00683DDC /* Localizable.strings */ = {
			isa = PBXVariantGroup;
			children = (
				344A8EC41E88D31F00683DDC /* Base */,
				344A8EC61E88D35A00683DDC /* en */,
				344A8EC71E88D35B00683DDC /* es */,
				344A8EC91E88DA6E00683DDC /* zh-Hant */,
				344657731E88DDB200ED7347 /* zh-Hans */,
			);
			name = Localizable.strings;
			sourceTree = "<group>";
		};
		346BC8761E80B45D0049EAC7 /* Main.storyboard */ = {
			isa = PBXVariantGroup;
			children = (
				346BC8771E80B45D0049EAC7 /* Base */,
				342D40F01E88CD0000B22506 /* en */,
				342D40F11E88CF3A00B22506 /* es */,
				344A8EC81E88D45200683DDC /* zh-Hant */,
				344657721E88DDB200ED7347 /* zh-Hans */,
			);
			name = Main.storyboard;
			sourceTree = "<group>";
		};
		346BC87B1E80B45D0049EAC7 /* LaunchScreen.storyboard */ = {
			isa = PBXVariantGroup;
			children = (
				346BC87C1E80B45D0049EAC7 /* Base */,
			);
			name = LaunchScreen.storyboard;
			sourceTree = "<group>";
		};
/* End PBXVariantGroup section */

/* Begin XCBuildConfiguration section */
		346BC8951E80B45D0049EAC7 /* Debug */ = {
			isa = XCBuildConfiguration;
			buildSettings = {
				ALWAYS_SEARCH_USER_PATHS = NO;
				CLANG_ANALYZER_LOCALIZABILITY_NONLOCALIZED = YES;
				CLANG_ANALYZER_NONNULL = YES;
				CLANG_CXX_LANGUAGE_STANDARD = "gnu++0x";
				CLANG_CXX_LIBRARY = "libc++";
				CLANG_ENABLE_MODULES = YES;
				CLANG_ENABLE_OBJC_ARC = YES;
				CLANG_WARN_BOOL_CONVERSION = YES;
				CLANG_WARN_CONSTANT_CONVERSION = YES;
				CLANG_WARN_DIRECT_OBJC_ISA_USAGE = YES_ERROR;
				CLANG_WARN_DOCUMENTATION_COMMENTS = YES;
				CLANG_WARN_EMPTY_BODY = YES;
				CLANG_WARN_ENUM_CONVERSION = YES;
				CLANG_WARN_INFINITE_RECURSION = YES;
				CLANG_WARN_INT_CONVERSION = YES;
				CLANG_WARN_OBJC_ROOT_CLASS = YES_ERROR;
				CLANG_WARN_SUSPICIOUS_MOVE = YES;
				CLANG_WARN_UNREACHABLE_CODE = YES;
				CLANG_WARN__DUPLICATE_METHOD_MATCH = YES;
				"CODE_SIGN_IDENTITY[sdk=iphoneos*]" = "iPhone Developer";
				COPY_PHASE_STRIP = NO;
				DEBUG_INFORMATION_FORMAT = dwarf;
				ENABLE_STRICT_OBJC_MSGSEND = YES;
				ENABLE_TESTABILITY = YES;
				GCC_C_LANGUAGE_STANDARD = gnu99;
				GCC_DYNAMIC_NO_PIC = NO;
				GCC_NO_COMMON_BLOCKS = YES;
				GCC_OPTIMIZATION_LEVEL = 0;
				GCC_PREPROCESSOR_DEFINITIONS = (
					"DEBUG=1",
					"$(inherited)",
				);
				GCC_WARN_64_TO_32_BIT_CONVERSION = YES;
				GCC_WARN_ABOUT_RETURN_TYPE = YES_ERROR;
				GCC_WARN_UNDECLARED_SELECTOR = YES;
				GCC_WARN_UNINITIALIZED_AUTOS = YES_AGGRESSIVE;
				GCC_WARN_UNUSED_FUNCTION = YES;
				GCC_WARN_UNUSED_VARIABLE = YES;
				IPHONEOS_DEPLOYMENT_TARGET = 10.2;
				MTL_ENABLE_DEBUG_INFO = YES;
				ONLY_ACTIVE_ARCH = YES;
				SDKROOT = iphoneos;
				SWIFT_ACTIVE_COMPILATION_CONDITIONS = DEBUG;
				SWIFT_OPTIMIZATION_LEVEL = "-Onone";
				TARGETED_DEVICE_FAMILY = "1,2";
			};
			name = Debug;
		};
		346BC8961E80B45D0049EAC7 /* Release */ = {
			isa = XCBuildConfiguration;
			buildSettings = {
				ALWAYS_SEARCH_USER_PATHS = NO;
				CLANG_ANALYZER_LOCALIZABILITY_NONLOCALIZED = YES;
				CLANG_ANALYZER_NONNULL = YES;
				CLANG_CXX_LANGUAGE_STANDARD = "gnu++0x";
				CLANG_CXX_LIBRARY = "libc++";
				CLANG_ENABLE_MODULES = YES;
				CLANG_ENABLE_OBJC_ARC = YES;
				CLANG_WARN_BOOL_CONVERSION = YES;
				CLANG_WARN_CONSTANT_CONVERSION = YES;
				CLANG_WARN_DIRECT_OBJC_ISA_USAGE = YES_ERROR;
				CLANG_WARN_DOCUMENTATION_COMMENTS = YES;
				CLANG_WARN_EMPTY_BODY = YES;
				CLANG_WARN_ENUM_CONVERSION = YES;
				CLANG_WARN_INFINITE_RECURSION = YES;
				CLANG_WARN_INT_CONVERSION = YES;
				CLANG_WARN_OBJC_ROOT_CLASS = YES_ERROR;
				CLANG_WARN_SUSPICIOUS_MOVE = YES;
				CLANG_WARN_UNREACHABLE_CODE = YES;
				CLANG_WARN__DUPLICATE_METHOD_MATCH = YES;
				"CODE_SIGN_IDENTITY[sdk=iphoneos*]" = "iPhone Developer";
				COPY_PHASE_STRIP = NO;
				DEBUG_INFORMATION_FORMAT = "dwarf-with-dsym";
				ENABLE_NS_ASSERTIONS = NO;
				ENABLE_STRICT_OBJC_MSGSEND = YES;
				GCC_C_LANGUAGE_STANDARD = gnu99;
				GCC_NO_COMMON_BLOCKS = YES;
				GCC_WARN_64_TO_32_BIT_CONVERSION = YES;
				GCC_WARN_ABOUT_RETURN_TYPE = YES_ERROR;
				GCC_WARN_UNDECLARED_SELECTOR = YES;
				GCC_WARN_UNINITIALIZED_AUTOS = YES_AGGRESSIVE;
				GCC_WARN_UNUSED_FUNCTION = YES;
				GCC_WARN_UNUSED_VARIABLE = YES;
				IPHONEOS_DEPLOYMENT_TARGET = 10.2;
				MTL_ENABLE_DEBUG_INFO = NO;
				SDKROOT = iphoneos;
				SWIFT_OPTIMIZATION_LEVEL = "-Owholemodule";
				TARGETED_DEVICE_FAMILY = "1,2";
				VALIDATE_PRODUCT = YES;
			};
			name = Release;
		};
		346BC8981E80B45D0049EAC7 /* Debug */ = {
			isa = XCBuildConfiguration;
			buildSettings = {
				ASSETCATALOG_COMPILER_APPICON_NAME = AppIcon;
				INFOPLIST_FILE = WorldTrotter/Info.plist;
				LD_RUNPATH_SEARCH_PATHS = "$(inherited) @executable_path/Frameworks";
				PRODUCT_BUNDLE_IDENTIFIER = com.sigutian.WorldTrotter;
				PRODUCT_NAME = "$(TARGET_NAME)";
				SWIFT_VERSION = 3.0;
			};
			name = Debug;
		};
		346BC8991E80B45D0049EAC7 /* Release */ = {
			isa = XCBuildConfiguration;
			buildSettings = {
				ASSETCATALOG_COMPILER_APPICON_NAME = AppIcon;
				INFOPLIST_FILE = WorldTrotter/Info.plist;
				LD_RUNPATH_SEARCH_PATHS = "$(inherited) @executable_path/Frameworks";
				PRODUCT_BUNDLE_IDENTIFIER = com.sigutian.WorldTrotter;
				PRODUCT_NAME = "$(TARGET_NAME)";
				SWIFT_VERSION = 3.0;
			};
			name = Release;
		};
		346BC89B1E80B45D0049EAC7 /* Debug */ = {
			isa = XCBuildConfiguration;
			buildSettings = {
				ALWAYS_EMBED_SWIFT_STANDARD_LIBRARIES = YES;
				BUNDLE_LOADER = "$(TEST_HOST)";
				INFOPLIST_FILE = WorldTrotterTests/Info.plist;
				LD_RUNPATH_SEARCH_PATHS = "$(inherited) @executable_path/Frameworks @loader_path/Frameworks";
				PRODUCT_BUNDLE_IDENTIFIER = com.sigutian.WorldTrotterTests;
				PRODUCT_NAME = "$(TARGET_NAME)";
				SWIFT_VERSION = 3.0;
				TEST_HOST = "$(BUILT_PRODUCTS_DIR)/WorldTrotter.app/WorldTrotter";
			};
			name = Debug;
		};
		346BC89C1E80B45D0049EAC7 /* Release */ = {
			isa = XCBuildConfiguration;
			buildSettings = {
				ALWAYS_EMBED_SWIFT_STANDARD_LIBRARIES = YES;
				BUNDLE_LOADER = "$(TEST_HOST)";
				INFOPLIST_FILE = WorldTrotterTests/Info.plist;
				LD_RUNPATH_SEARCH_PATHS = "$(inherited) @executable_path/Frameworks @loader_path/Frameworks";
				PRODUCT_BUNDLE_IDENTIFIER = com.sigutian.WorldTrotterTests;
				PRODUCT_NAME = "$(TARGET_NAME)";
				SWIFT_VERSION = 3.0;
				TEST_HOST = "$(BUILT_PRODUCTS_DIR)/WorldTrotter.app/WorldTrotter";
			};
			name = Release;
		};
		346BC89E1E80B45D0049EAC7 /* Debug */ = {
			isa = XCBuildConfiguration;
			buildSettings = {
				ALWAYS_EMBED_SWIFT_STANDARD_LIBRARIES = YES;
				INFOPLIST_FILE = WorldTrotterUITests/Info.plist;
				LD_RUNPATH_SEARCH_PATHS = "$(inherited) @executable_path/Frameworks @loader_path/Frameworks";
				PRODUCT_BUNDLE_IDENTIFIER = com.sigutian.WorldTrotterUITests;
				PRODUCT_NAME = "$(TARGET_NAME)";
				SWIFT_VERSION = 3.0;
				TEST_TARGET_NAME = WorldTrotter;
			};
			name = Debug;
		};
		346BC89F1E80B45D0049EAC7 /* Release */ = {
			isa = XCBuildConfiguration;
			buildSettings = {
				ALWAYS_EMBED_SWIFT_STANDARD_LIBRARIES = YES;
				INFOPLIST_FILE = WorldTrotterUITests/Info.plist;
				LD_RUNPATH_SEARCH_PATHS = "$(inherited) @executable_path/Frameworks @loader_path/Frameworks";
				PRODUCT_BUNDLE_IDENTIFIER = com.sigutian.WorldTrotterUITests;
				PRODUCT_NAME = "$(TARGET_NAME)";
				SWIFT_VERSION = 3.0;
				TEST_TARGET_NAME = WorldTrotter;
			};
			name = Release;
		};
/* End XCBuildConfiguration section */

/* Begin XCConfigurationList section */
		346BC86A1E80B45C0049EAC7 /* Build configuration list for PBXProject "WorldTrotter" */ = {
			isa = XCConfigurationList;
			buildConfigurations = (
				346BC8951E80B45D0049EAC7 /* Debug */,
				346BC8961E80B45D0049EAC7 /* Release */,
			);
			defaultConfigurationIsVisible = 0;
			defaultConfigurationName = Release;
		};
		346BC8971E80B45D0049EAC7 /* Build configuration list for PBXNativeTarget "WorldTrotter" */ = {
			isa = XCConfigurationList;
			buildConfigurations = (
				346BC8981E80B45D0049EAC7 /* Debug */,
				346BC8991E80B45D0049EAC7 /* Release */,
			);
			defaultConfigurationIsVisible = 0;
			defaultConfigurationName = Release;
		};
		346BC89A1E80B45D0049EAC7 /* Build configuration list for PBXNativeTarget "WorldTrotterTests" */ = {
			isa = XCConfigurationList;
			buildConfigurations = (
				346BC89B1E80B45D0049EAC7 /* Debug */,
				346BC89C1E80B45D0049EAC7 /* Release */,
			);
			defaultConfigurationIsVisible = 0;
			defaultConfigurationName = Release;
		};
		346BC89D1E80B45D0049EAC7 /* Build configuration list for PBXNativeTarget "WorldTrotterUITests" */ = {
			isa = XCConfigurationList;
			buildConfigurations = (
				346BC89E1E80B45D0049EAC7 /* Debug */,
				346BC89F1E80B45D0049EAC7 /* Release */,
			);
			defaultConfigurationIsVisible = 0;
			defaultConfigurationName = Release;
		};
/* End XCConfigurationList section */
	};
	rootObject = 346BC8671E80B45C0049EAC7 /* Project object */;
}
